
Microsoft Visual Studio Solution File, Format Version 12.00
# Visual Studio Version 17
VisualStudioVersion = 17.5.002.0
MinimumVisualStudioVersion = 10.0.40219.1
Project("{9A19103F-16F7-4668-BE54-9A1E7A4F7556}") = "ping-pong", "ping-pong\ping-pong.csproj", "{ECD87D9E-8621-4F27-95D3-D9D3DD16DA2F}"
EndProject
Project("{9A19103F-16F7-4668-BE54-9A1E7A4F7556}") = "ping-pong.Tests", "ping-pong.Tests\ping-pong.Tests.csproj", "{77D9DD82-F7B8-43FE-BB30-85A0AED2894C}"
EndProject
Global
	GlobalSection(SolutionConfigurationPlatforms) = preSolution
		Debug|Any CPU = Debug|Any CPU
		Release|Any CPU = Release|Any CPU
	EndGlobalSection
	GlobalSection(ProjectConfigurationPlatforms) = postSolution
		{ECD87D9E-8621-4F27-95D3-D9D3DD16DA2F}.Debug|Any CPU.ActiveCfg = Debug|Any CPU
		{ECD87D9E-8621-4F27-95D3-D9D3DD16DA2F}.Debug|Any CPU.Build.0 = Debug|Any CPU
		{ECD87D9E-8621-4F27-95D3-D9D3DD16DA2F}.Release|Any CPU.ActiveCfg = Release|Any CPU
		{ECD87D9E-8621-4F27-95D3-D9D3DD16DA2F}.Release|Any CPU.Build.0 = Release|Any CPU
		{77D9DD82-F7B8-43FE-BB30-85A0AED2894C}.Debug|Any CPU.ActiveCfg = Debug|Any CPU
		{77D9DD82-F7B8-43FE-BB30-85A0AED2894C}.Debug|Any CPU.Build.0 = Debug|Any CPU
		{77D9DD82-F7B8-43FE-BB30-85A0AED2894C}.Release|Any CPU.ActiveCfg = Release|Any CPU
		{77D9DD82-F7B8-43FE-BB30-85A0AED2894C}.Release|Any CPU.Build.0 = Release|Any CPU
	EndGlobalSection
	GlobalSection(SolutionProperties) = preSolution
		HideSolutionNode = FALSE
	EndGlobalSection
	GlobalSection(ExtensibilityGlobals) = postSolution
		SolutionGuid = {48A904A2-627B-453E-83F3-09C0A3B9C33D}
	EndGlobalSection
EndGlobal
